
Microsoft Visual Studio Solution File, Format Version 12.00
# Visual Studio 15
VisualStudioVersion = 15.0.28307.271
MinimumVisualStudioVersion = 10.0.40219.1
Project("{FAE04EC0-301F-11D3-BF4B-00C04F79EFBC}") = "MhimbazaApp.NewDb", "MhimbazaApp.NewDb\MhimbazaApp.NewDb.csproj", "{9F30B33D-F1DE-43F6-8D8E-74A7F7D0C482}"
EndProject
Global
	GlobalSection(SolutionConfigurationPlatforms) = preSolution
		Debug|Any CPU = Debug|Any CPU
		Release|Any CPU = Release|Any CPU
	EndGlobalSection
	GlobalSection(ProjectConfigurationPlatforms) = postSolution
		{9F30B33D-F1DE-43F6-8D8E-74A7F7D0C482}.Debug|Any CPU.ActiveCfg = Debug|Any CPU
		{9F30B33D-F1DE-43F6-8D8E-74A7F7D0C482}.Debug|Any CPU.Build.0 = Debug|Any CPU
		{9F30B33D-F1DE-43F6-8D8E-74A7F7D0C482}.Release|Any CPU.ActiveCfg = Release|Any CPU
		{9F30B33D-F1DE-43F6-8D8E-74A7F7D0C482}.Release|Any CPU.Build.0 = Release|Any CPU
	EndGlobalSection
	GlobalSection(SolutionProperties) = preSolution
		HideSolutionNode = FALSE
	EndGlobalSection
	GlobalSection(ExtensibilityGlobals) = postSolution
		SolutionGuid = {26EF9AA4-298A-4E57-B02F-965F1AC95ADD}
	EndGlobalSection
EndGlobal
